
Microsoft Visual Studio Solution File, Format Version 12.00
# Visual Studio 15
VisualStudioVersion = 15.0.27703.2000
MinimumVisualStudioVersion = 10.0.40219.1
Project("{FAE04EC0-301F-11D3-BF4B-00C04F79EFBC}") = "AdminProducto", "AdminProducto\AdminProducto.csproj", "{1CB54EAD-EC7B-4756-A97B-7B011591FFD5}"
EndProject
Global
	GlobalSection(SolutionConfigurationPlatforms) = preSolution
		Debug|Any CPU = Debug|Any CPU
		Release|Any CPU = Release|Any CPU
	EndGlobalSection
	GlobalSection(ProjectConfigurationPlatforms) = postSolution
		{1CB54EAD-EC7B-4756-A97B-7B011591FFD5}.Debug|Any CPU.ActiveCfg = Debug|Any CPU
		{1CB54EAD-EC7B-4756-A97B-7B011591FFD5}.Debug|Any CPU.Build.0 = Debug|Any CPU
		{1CB54EAD-EC7B-4756-A97B-7B011591FFD5}.Release|Any CPU.ActiveCfg = Release|Any CPU
		{1CB54EAD-EC7B-4756-A97B-7B011591FFD5}.Release|Any CPU.Build.0 = Release|Any CPU
	EndGlobalSection
	GlobalSection(SolutionProperties) = preSolution
		HideSolutionNode = FALSE
	EndGlobalSection
	GlobalSection(ExtensibilityGlobals) = postSolution
		SolutionGuid = {BF791815-8F25-491C-8E01-9D04C437DD81}
	EndGlobalSection
EndGlobal
